
Microsoft Visual Studio Solution File, Format Version 12.00
# Visual Studio Version 17
VisualStudioVersion = 17.7.34031.279
MinimumVisualStudioVersion = 10.0.40219.1
Project("{FAE04EC0-301F-11D3-BF4B-00C04F79EFBC}") = "ConsoleApp4", "ConsoleApp4\ConsoleApp4.csproj", "{62C67522-DC6C-4DA0-812A-AB7C30E00FAF}"
EndProject
Global
	GlobalSection(SolutionConfigurationPlatforms) = preSolution
		Debug|Any CPU = Debug|Any CPU
		Release|Any CPU = Release|Any CPU
	EndGlobalSection
	GlobalSection(ProjectConfigurationPlatforms) = postSolution
		{62C67522-DC6C-4DA0-812A-AB7C30E00FAF}.Debug|Any CPU.ActiveCfg = Debug|Any CPU
		{62C67522-DC6C-4DA0-812A-AB7C30E00FAF}.Debug|Any CPU.Build.0 = Debug|Any CPU
		{62C67522-DC6C-4DA0-812A-AB7C30E00FAF}.Release|Any CPU.ActiveCfg = Release|Any CPU
		{62C67522-DC6C-4DA0-812A-AB7C30E00FAF}.Release|Any CPU.Build.0 = Release|Any CPU
	EndGlobalSection
	GlobalSection(SolutionProperties) = preSolution
		HideSolutionNode = FALSE
	EndGlobalSection
	GlobalSection(ExtensibilityGlobals) = postSolution
		SolutionGuid = {CC25195A-3880-4B70-910C-2F3B9C517D17}
	EndGlobalSection
EndGlobal
